version = 1
revision = 3
requires-python = ">=3.11"

[[package]]
name = "pudu-ui"
version = "0.1.2"
source = { editable = "." }
dependencies = [
    { name = "pyglet" },
]

[package.metadata]
requires-dist = [{ name = "pyglet" }]

[[package]]
name = "pyglet"
version = "2.1.13"
source = { registry = "https://pypi.org/simple" }
sdist = { url = "https://files.pythonhosted.org/packages/77/b4/b78df1ec545a151cb7ee64a1632e8f33ba8bd1a97329e4918e76761a80d9/pyglet-2.1.13.tar.gz", hash = "sha256:37a31c212b51658f7c125613f93818a199e8808f86e9b1abe7bfe5395661eee3", size = 6594811, upload-time = "2026-02-04T00:28:11.369Z" }
wheels = [
    { url = "https://files.pythonhosted.org/packages/73/54/14edde2376d6e264e66c6aeba0f31d58319084ae93b794503b5e140d45d1/pyglet-2.1.13-py3-none-any.whl", hash = "sha256:7ded34c30d07a9290b9bddb2aa91b2861be552144a87dc68fb6f4288b5dbb21a", size = 1032775, upload-time = "2026-02-04T00:28:06.954Z" },
]
